<?xml version="1.0" encoding="utf-8"?>
<Project ToolsVersion="4.0" xmlns="http://schemas.microsoft.com/developer/msbuild/2003">
  <ItemGroup>
    <Filter Include="Callisto">
      <UniqueIdentifier>{C00C8A7F-ACD9-E48A-D5F2-D232C11E1A19}</UniqueIdentifier>
    </Filter>
    <Filter Include="Callisto\Events">
      <UniqueIdentifier>{A4E01973-106C-8737-197D-0A2C8587E337}</UniqueIdentifier>
    </Filter>
  </ItemGroup>
  <ItemGroup>
    <ClInclude Include="src\Callisto.h" />
    <ClInclude Include="src\Callisto\Application.h">
      <Filter>Callisto</Filter>
    </ClInclude>
    <ClInclude Include="src\Callisto\Core.h">
      <Filter>Callisto</Filter>
    </ClInclude>
    <ClInclude Include="src\Callisto\EntryPoint.h">
      <Filter>Callisto</Filter>
    </ClInclude>
    <ClInclude Include="src\Callisto\Events\ApplicationEvent.h">
      <Filter>Callisto\Events</Filter>
    </ClInclude>
    <ClInclude Include="src\Callisto\Events\Event.h">
      <Filter>Callisto\Events</Filter>
    </ClInclude>
    <ClInclude Include="src\Callisto\Events\KeyEvent.h">
      <Filter>Callisto\Events</Filter>
    </ClInclude>
    <ClInclude Include="src\Callisto\Events\MouseEvent.h">
      <Filter>Callisto\Events</Filter>
    </ClInclude>
    <ClInclude Include="src\Callisto\Log.h">
      <Filter>Callisto</Filter>
    </ClInclude>
    <ClInclude Include="src\CallistoPCH.h" />
    <ClInclude Include="src\Callisto\Window.h" />
    <ClInclude Include="src\Callisto\Platforms\Windows\WindowsWindow.h" />
  </ItemGroup>
  <ItemGroup>
    <ClCompile Include="src\Callisto\Application.cpp">
      <Filter>Callisto</Filter>
    </ClCompile>
    <ClCompile Include="src\Callisto\Log.cpp">
      <Filter>Callisto</Filter>
    </ClCompile>
    <ClCompile Include="src\CallistoPCH.cpp" />
    <ClCompile Include="src\Callisto\Platforms\Windows\WindowsWindow.cpp" />
  </ItemGroup>
</Project>